<?xml version="1.0" encoding="utf-8"?>
<Project ToolsVersion="4.0" xmlns="http://schemas.microsoft.com/developer/msbuild/2003">
  <ItemGroup>
    <Filter Include="Source Files">
      <UniqueIdentifier>{4FC737F1-C7A5-4376-A066-2A32D752A2FF}</UniqueIdentifier>
      <Extensions>cpp;c;cc;cxx;def;odl;idl;hpj;bat;asm;asmx</Extensions>
    </Filter>
    <Filter Include="Header Files">
      <UniqueIdentifier>{93995380-89BD-4b04-88EB-625FBE52EBFB}</UniqueIdentifier>
      <Extensions>h;hpp;hxx;hm;inl;inc;xsd</Extensions>
    </Filter>
    <Filter Include="Shaders">
      <UniqueIdentifier>{242ed909-3328-43e2-9354-d434d1af8ff6}</UniqueIdentifier>
    </Filter>
  </ItemGroup>
  <ItemGroup>
    <ClCompile Include="..\CreateProgram.c">
      <Filter>Source Files</Filter>
    </ClCompile>
    <ClCompile Include="..\Fluid.c">
      <Filter>Source Files</Filter>
    </ClCompile>
    <ClCompile Include="..\CreateQuad.c">
      <Filter>Source Files</Filter>
    </ClCompile>
    <ClCompile Include="..\SlabOps.c">
      <Filter>Source Files</Filter>
    </ClCompile>
    <ClCompile Include="..\CreateSlab.c">
      <Filter>Source Files</Filter>
    </ClCompile>
    <ClCompile Include="..\CreateObstacles.c">
      <Filter>Source Files</Filter>
    </ClCompile>
  </ItemGroup>
  <ItemGroup>
    <ClInclude Include="..\Fluid.h">
      <Filter>Header Files</Filter>
    </ClInclude>
  </ItemGroup>
  <ItemGroup>
    <None Include="..\Fluid.glsl">
      <Filter>Shaders</Filter>
    </None>
  </ItemGroup>
</Project>