<?xml version="1.0" encoding="utf-8"?>
<Project ToolsVersion="4.0" xmlns="http://schemas.microsoft.com/developer/msbuild/2003">
  <ItemGroup>
    <Filter Include="Source Files">
      <UniqueIdentifier>{4FC737F1-C7A5-4376-A066-2A32D752A2FF}</UniqueIdentifier>
      <Extensions>cpp;c;cc;cxx;def;odl;idl;hpj;bat;asm;asmx</Extensions>
    </Filter>
    <Filter Include="Header Files">
      <UniqueIdentifier>{93995380-89BD-4b04-88EB-625FBE52EBFB}</UniqueIdentifier>
      <Extensions>h;hpp;hxx;hm;inl;inc;xsd</Extensions>
    </Filter>
  </ItemGroup>
  <ItemGroup>
    <ClCompile Include="..\lib\glew\glew.c">
      <Filter>Source Files</Filter>
    </ClCompile>
    <ClCompile Include="..\lib\glsw\bstrlib.c">
      <Filter>Source Files</Filter>
    </ClCompile>
    <ClCompile Include="..\lib\glsw\glsw.c">
      <Filter>Source Files</Filter>
    </ClCompile>
    <ClCompile Include="..\lib\liblzma\Alloc.c">
      <Filter>Source Files</Filter>
    </ClCompile>
    <ClCompile Include="..\lib\liblzma\LzFind.c">
      <Filter>Source Files</Filter>
    </ClCompile>
    <ClCompile Include="..\lib\liblzma\LzmaDec.c">
      <Filter>Source Files</Filter>
    </ClCompile>
    <ClCompile Include="..\lib\liblzma\LzmaEnc.c">
      <Filter>Source Files</Filter>
    </ClCompile>
    <ClCompile Include="..\lib\liblzma\LzmaLib.c">
      <Filter>Source Files</Filter>
    </ClCompile>
    <ClCompile Include="..\lib\openctm\compressMG1.c">
      <Filter>Source Files</Filter>
    </ClCompile>
    <ClCompile Include="..\lib\openctm\compressMG2.c">
      <Filter>Source Files</Filter>
    </ClCompile>
    <ClCompile Include="..\lib\openctm\compressRAW.c">
      <Filter>Source Files</Filter>
    </ClCompile>
    <ClCompile Include="..\lib\openctm\openctm.c">
      <Filter>Source Files</Filter>
    </ClCompile>
    <ClCompile Include="..\lib\openctm\stream.c">
      <Filter>Source Files</Filter>
    </ClCompile>
  </ItemGroup>
  <ItemGroup>
    <ClInclude Include="..\lib\glew\glew.h">
      <Filter>Header Files</Filter>
    </ClInclude>
    <ClInclude Include="..\lib\glew\glxew.h">
      <Filter>Header Files</Filter>
    </ClInclude>
    <ClInclude Include="..\lib\glew\wglew.h">
      <Filter>Header Files</Filter>
    </ClInclude>
    <ClInclude Include="..\lib\glsw\bstrlib.h">
      <Filter>Header Files</Filter>
    </ClInclude>
    <ClInclude Include="..\lib\glsw\glsw.h">
      <Filter>Header Files</Filter>
    </ClInclude>
    <ClInclude Include="..\lib\liblzma\Alloc.h">
      <Filter>Header Files</Filter>
    </ClInclude>
    <ClInclude Include="..\lib\liblzma\LzFind.h">
      <Filter>Header Files</Filter>
    </ClInclude>
    <ClInclude Include="..\lib\liblzma\LzHash.h">
      <Filter>Header Files</Filter>
    </ClInclude>
    <ClInclude Include="..\lib\liblzma\LzmaDec.h">
      <Filter>Header Files</Filter>
    </ClInclude>
    <ClInclude Include="..\lib\liblzma\LzmaEnc.h">
      <Filter>Header Files</Filter>
    </ClInclude>
    <ClInclude Include="..\lib\liblzma\LzmaLib.h">
      <Filter>Header Files</Filter>
    </ClInclude>
    <ClInclude Include="..\lib\liblzma\NameMangle.h">
      <Filter>Header Files</Filter>
    </ClInclude>
    <ClInclude Include="..\lib\liblzma\Types.h">
      <Filter>Header Files</Filter>
    </ClInclude>
    <ClInclude Include="..\lib\openctm\internal.h">
      <Filter>Header Files</Filter>
    </ClInclude>
    <ClInclude Include="..\lib\openctm\openctm.h">
      <Filter>Header Files</Filter>
    </ClInclude>
    <ClInclude Include="..\lib\openctm\openctmpp.h">
      <Filter>Header Files</Filter>
    </ClInclude>
  </ItemGroup>
</Project>