// !$*UTF8*$!
{
	archiveVersion = 1;
	classes = {
	};
	objectVersion = 45;
	objects = {

/* Begin PBXBuildFile section */
		1DDD58160DA1D0A300B32029 /* MainMenu.xib in Resources */ = {isa = PBXBuildFile; fileRef = 1DDD58140DA1D0A300B32029 /* MainMenu.xib */; };
		256AC3DA0F4B6AC300CF3369 /* GlassAppDelegate.m in Sources */ = {isa = PBXBuildFile; fileRef = 256AC3D90F4B6AC300CF3369 /* GlassAppDelegate.m */; };
		4D2FEC6D125D2A52004DA7C7 /* OpenGL.framework in Frameworks */ = {isa = PBXBuildFile; fileRef = 4D2FEC6C125D2A52004DA7C7 /* OpenGL.framework */; };
		4D2FEC78125D2AC6004DA7C7 /* Glass.c in Sources */ = {isa = PBXBuildFile; fileRef = 4D2FEC74125D2AC6004DA7C7 /* Glass.c */; };
		4D2FEC79125D2AC6004DA7C7 /* Glass.glsl in Resources */ = {isa = PBXBuildFile; fileRef = 4D2FEC75125D2AC6004DA7C7 /* Glass.glsl */; };
		4D2FEC7A125D2AC6004DA7C7 /* Utility.c in Sources */ = {isa = PBXBuildFile; fileRef = 4D2FEC76125D2AC6004DA7C7 /* Utility.c */; };
		4D2FECB4125D2CC6004DA7C7 /* glew.c in Sources */ = {isa = PBXBuildFile; fileRef = 4D2FECB0125D2CC6004DA7C7 /* glew.c */; };
		4D2FECD6125D2CFF004DA7C7 /* bstrlib.c in Sources */ = {isa = PBXBuildFile; fileRef = 4D2FECB8125D2CFF004DA7C7 /* bstrlib.c */; };
		4D2FECD7125D2CFF004DA7C7 /* glsw.c in Sources */ = {isa = PBXBuildFile; fileRef = 4D2FECBA125D2CFF004DA7C7 /* glsw.c */; };
		4D2FECD8125D2CFF004DA7C7 /* Alloc.c in Sources */ = {isa = PBXBuildFile; fileRef = 4D2FECBD125D2CFF004DA7C7 /* Alloc.c */; };
		4D2FECD9125D2CFF004DA7C7 /* LzFind.c in Sources */ = {isa = PBXBuildFile; fileRef = 4D2FECBF125D2CFF004DA7C7 /* LzFind.c */; };
		4D2FECDA125D2CFF004DA7C7 /* LzmaDec.c in Sources */ = {isa = PBXBuildFile; fileRef = 4D2FECC2125D2CFF004DA7C7 /* LzmaDec.c */; };
		4D2FECDB125D2CFF004DA7C7 /* LzmaEnc.c in Sources */ = {isa = PBXBuildFile; fileRef = 4D2FECC4125D2CFF004DA7C7 /* LzmaEnc.c */; };
		4D2FECDC125D2CFF004DA7C7 /* LzmaLib.c in Sources */ = {isa = PBXBuildFile; fileRef = 4D2FECC6125D2CFF004DA7C7 /* LzmaLib.c */; };
		4D2FECDE125D2CFF004DA7C7 /* compressMG1.c in Sources */ = {isa = PBXBuildFile; fileRef = 4D2FECCC125D2CFF004DA7C7 /* compressMG1.c */; };
		4D2FECDF125D2CFF004DA7C7 /* compressMG2.c in Sources */ = {isa = PBXBuildFile; fileRef = 4D2FECCD125D2CFF004DA7C7 /* compressMG2.c */; };
		4D2FECE0125D2CFF004DA7C7 /* compressRAW.c in Sources */ = {isa = PBXBuildFile; fileRef = 4D2FECCE125D2CFF004DA7C7 /* compressRAW.c */; };
		4D2FECE2125D2CFF004DA7C7 /* openctm.c in Sources */ = {isa = PBXBuildFile; fileRef = 4D2FECD1125D2CFF004DA7C7 /* openctm.c */; };
		4D2FECE4125D2CFF004DA7C7 /* stream.c in Sources */ = {isa = PBXBuildFile; fileRef = 4D2FECD5125D2CFF004DA7C7 /* stream.c */; };
		4DFF82A9125D2F78002F8882 /* GlassView.m in Sources */ = {isa = PBXBuildFile; fileRef = 4DFF82A8125D2F78002F8882 /* GlassView.m */; };
		4DFF82D9125D3414002F8882 /* buddha.ctm in Resources */ = {isa = PBXBuildFile; fileRef = 4DFF82D8125D3414002F8882 /* buddha.ctm */; };
		8D11072B0486CEB800E47090 /* InfoPlist.strings in Resources */ = {isa = PBXBuildFile; fileRef = 089C165CFE840E0CC02AAC07 /* InfoPlist.strings */; };
		8D11072D0486CEB800E47090 /* main.m in Sources */ = {isa = PBXBuildFile; fileRef = 29B97316FDCFA39411CA2CEA /* main.m */; settings = {ATTRIBUTES = (); }; };
		8D11072F0486CEB800E47090 /* Cocoa.framework in Frameworks */ = {isa = PBXBuildFile; fileRef = 1058C7A1FEA54F0111CA2CBB /* Cocoa.framework */; };
/* End PBXBuildFile section */

/* Begin PBXFileReference section */
		089C165DFE840E0CC02AAC07 /* English */ = {isa = PBXFileReference; fileEncoding = 4; lastKnownFileType = text.plist.strings; name = English; path = English.lproj/InfoPlist.strings; sourceTree = "<group>"; };
		1058C7A1FEA54F0111CA2CBB /* Cocoa.framework */ = {isa = PBXFileReference; lastKnownFileType = wrapper.framework; name = Cocoa.framework; path = /System/Library/Frameworks/Cocoa.framework; sourceTree = "<absolute>"; };
		13E42FB307B3F0F600E4EEF1 /* CoreData.framework */ = {isa = PBXFileReference; lastKnownFileType = wrapper.framework; name = CoreData.framework; path = /System/Library/Frameworks/CoreData.framework; sourceTree = "<absolute>"; };
		1DDD58150DA1D0A300B32029 /* English */ = {isa = PBXFileReference; lastKnownFileType = file.xib; name = English; path = English.lproj/MainMenu.xib; sourceTree = "<group>"; };
		256AC3D80F4B6AC300CF3369 /* GlassAppDelegate.h */ = {isa = PBXFileReference; fileEncoding = 4; lastKnownFileType = sourcecode.c.h; path = GlassAppDelegate.h; sourceTree = "<group>"; };
		256AC3D90F4B6AC300CF3369 /* GlassAppDelegate.m */ = {isa = PBXFileReference; fileEncoding = 4; lastKnownFileType = sourcecode.c.objc; path = GlassAppDelegate.m; sourceTree = "<group>"; };
		256AC3F00F4B6AF500CF3369 /* Glass_Prefix.pch */ = {isa = PBXFileReference; fileEncoding = 4; lastKnownFileType = sourcecode.c.h; path = Glass_Prefix.pch; sourceTree = "<group>"; };
		29B97316FDCFA39411CA2CEA /* main.m */ = {isa = PBXFileReference; fileEncoding = 4; lastKnownFileType = sourcecode.c.objc; path = main.m; sourceTree = "<group>"; };
		29B97324FDCFA39411CA2CEA /* AppKit.framework */ = {isa = PBXFileReference; lastKnownFileType = wrapper.framework; name = AppKit.framework; path = /System/Library/Frameworks/AppKit.framework; sourceTree = "<absolute>"; };
		29B97325FDCFA39411CA2CEA /* Foundation.framework */ = {isa = PBXFileReference; lastKnownFileType = wrapper.framework; name = Foundation.framework; path = /System/Library/Frameworks/Foundation.framework; sourceTree = "<absolute>"; };
		4D2FEC6C125D2A52004DA7C7 /* OpenGL.framework */ = {isa = PBXFileReference; lastKnownFileType = wrapper.framework; name = OpenGL.framework; path = System/Library/Frameworks/OpenGL.framework; sourceTree = SDKROOT; };
		4D2FEC74125D2AC6004DA7C7 /* Glass.c */ = {isa = PBXFileReference; fileEncoding = 4; lastKnownFileType = sourcecode.c.c; name = Glass.c; path = ../Glass.c; sourceTree = SOURCE_ROOT; };
		4D2FEC75125D2AC6004DA7C7 /* Glass.glsl */ = {isa = PBXFileReference; fileEncoding = 4; lastKnownFileType = text; name = Glass.glsl; path = ../Glass.glsl; sourceTree = SOURCE_ROOT; };
		4D2FEC76125D2AC6004DA7C7 /* Utility.c */ = {isa = PBXFileReference; fileEncoding = 4; lastKnownFileType = sourcecode.c.c; name = Utility.c; path = ../Utility.c; sourceTree = SOURCE_ROOT; };
		4D2FEC77125D2AC6004DA7C7 /* Utility.h */ = {isa = PBXFileReference; fileEncoding = 4; lastKnownFileType = sourcecode.c.h; name = Utility.h; path = ../Utility.h; sourceTree = SOURCE_ROOT; };
		4D2FECB0125D2CC6004DA7C7 /* glew.c */ = {isa = PBXFileReference; fileEncoding = 4; lastKnownFileType = sourcecode.c.c; path = glew.c; sourceTree = "<group>"; };
		4D2FECB1125D2CC6004DA7C7 /* glew.h */ = {isa = PBXFileReference; fileEncoding = 4; lastKnownFileType = sourcecode.c.h; path = glew.h; sourceTree = "<group>"; };
		4D2FECB2125D2CC6004DA7C7 /* glxew.h */ = {isa = PBXFileReference; fileEncoding = 4; lastKnownFileType = sourcecode.c.h; path = glxew.h; sourceTree = "<group>"; };
		4D2FECB8125D2CFF004DA7C7 /* bstrlib.c */ = {isa = PBXFileReference; fileEncoding = 4; lastKnownFileType = sourcecode.c.c; path = bstrlib.c; sourceTree = "<group>"; };
		4D2FECB9125D2CFF004DA7C7 /* bstrlib.h */ = {isa = PBXFileReference; fileEncoding = 4; lastKnownFileType = sourcecode.c.h; path = bstrlib.h; sourceTree = "<group>"; };
		4D2FECBA125D2CFF004DA7C7 /* glsw.c */ = {isa = PBXFileReference; fileEncoding = 4; lastKnownFileType = sourcecode.c.c; path = glsw.c; sourceTree = "<group>"; };
		4D2FECBB125D2CFF004DA7C7 /* glsw.h */ = {isa = PBXFileReference; fileEncoding = 4; lastKnownFileType = sourcecode.c.h; path = glsw.h; sourceTree = "<group>"; };
		4D2FECBD125D2CFF004DA7C7 /* Alloc.c */ = {isa = PBXFileReference; fileEncoding = 4; lastKnownFileType = sourcecode.c.c; path = Alloc.c; sourceTree = "<group>"; };
		4D2FECBE125D2CFF004DA7C7 /* Alloc.h */ = {isa = PBXFileReference; fileEncoding = 4; lastKnownFileType = sourcecode.c.h; path = Alloc.h; sourceTree = "<group>"; };
		4D2FECBF125D2CFF004DA7C7 /* LzFind.c */ = {isa = PBXFileReference; fileEncoding = 4; lastKnownFileType = sourcecode.c.c; path = LzFind.c; sourceTree = "<group>"; };
		4D2FECC0125D2CFF004DA7C7 /* LzFind.h */ = {isa = PBXFileReference; fileEncoding = 4; lastKnownFileType = sourcecode.c.h; path = LzFind.h; sourceTree = "<group>"; };
		4D2FECC1125D2CFF004DA7C7 /* LzHash.h */ = {isa = PBXFileReference; fileEncoding = 4; lastKnownFileType = sourcecode.c.h; path = LzHash.h; sourceTree = "<group>"; };
		4D2FECC2125D2CFF004DA7C7 /* LzmaDec.c */ = {isa = PBXFileReference; fileEncoding = 4; lastKnownFileType = sourcecode.c.c; path = LzmaDec.c; sourceTree = "<group>"; };
		4D2FECC3125D2CFF004DA7C7 /* LzmaDec.h */ = {isa = PBXFileReference; fileEncoding = 4; lastKnownFileType = sourcecode.c.h; path = LzmaDec.h; sourceTree = "<group>"; };
		4D2FECC4125D2CFF004DA7C7 /* LzmaEnc.c */ = {isa = PBXFileReference; fileEncoding = 4; lastKnownFileType = sourcecode.c.c; path = LzmaEnc.c; sourceTree = "<group>"; };
		4D2FECC5125D2CFF004DA7C7 /* LzmaEnc.h */ = {isa = PBXFileReference; fileEncoding = 4; lastKnownFileType = sourcecode.c.h; path = LzmaEnc.h; sourceTree = "<group>"; };
		4D2FECC6125D2CFF004DA7C7 /* LzmaLib.c */ = {isa = PBXFileReference; fileEncoding = 4; lastKnownFileType = sourcecode.c.c; path = LzmaLib.c; sourceTree = "<group>"; };
		4D2FECC7125D2CFF004DA7C7 /* LzmaLib.h */ = {isa = PBXFileReference; fileEncoding = 4; lastKnownFileType = sourcecode.c.h; path = LzmaLib.h; sourceTree = "<group>"; };
		4D2FECC8125D2CFF004DA7C7 /* NameMangle.h */ = {isa = PBXFileReference; fileEncoding = 4; lastKnownFileType = sourcecode.c.h; path = NameMangle.h; sourceTree = "<group>"; };
		4D2FECCA125D2CFF004DA7C7 /* Types.h */ = {isa = PBXFileReference; fileEncoding = 4; lastKnownFileType = sourcecode.c.h; path = Types.h; sourceTree = "<group>"; };
		4D2FECCC125D2CFF004DA7C7 /* compressMG1.c */ = {isa = PBXFileReference; fileEncoding = 4; lastKnownFileType = sourcecode.c.c; path = compressMG1.c; sourceTree = "<group>"; };
		4D2FECCD125D2CFF004DA7C7 /* compressMG2.c */ = {isa = PBXFileReference; fileEncoding = 4; lastKnownFileType = sourcecode.c.c; path = compressMG2.c; sourceTree = "<group>"; };
		4D2FECCE125D2CFF004DA7C7 /* compressRAW.c */ = {isa = PBXFileReference; fileEncoding = 4; lastKnownFileType = sourcecode.c.c; path = compressRAW.c; sourceTree = "<group>"; };
		4D2FECCF125D2CFF004DA7C7 /* internal.h */ = {isa = PBXFileReference; fileEncoding = 4; lastKnownFileType = sourcecode.c.h; path = internal.h; sourceTree = "<group>"; };
		4D2FECD1125D2CFF004DA7C7 /* openctm.c */ = {isa = PBXFileReference; fileEncoding = 4; lastKnownFileType = sourcecode.c.c; path = openctm.c; sourceTree = "<group>"; };
		4D2FECD2125D2CFF004DA7C7 /* openctm.h */ = {isa = PBXFileReference; fileEncoding = 4; lastKnownFileType = sourcecode.c.h; path = openctm.h; sourceTree = "<group>"; };
		4D2FECD3125D2CFF004DA7C7 /* openctmpp.h */ = {isa = PBXFileReference; fileEncoding = 4; lastKnownFileType = sourcecode.c.h; path = openctmpp.h; sourceTree = "<group>"; };
		4D2FECD5125D2CFF004DA7C7 /* stream.c */ = {isa = PBXFileReference; fileEncoding = 4; lastKnownFileType = sourcecode.c.c; path = stream.c; sourceTree = "<group>"; };
		4D311B3C125D63D100148A83 /* Platform.h */ = {isa = PBXFileReference; fileEncoding = 4; lastKnownFileType = sourcecode.c.h; name = Platform.h; path = ../Platform.h; sourceTree = SOURCE_ROOT; };
		4DFF82A7125D2F78002F8882 /* GlassView.h */ = {isa = PBXFileReference; fileEncoding = 4; lastKnownFileType = sourcecode.c.h; path = GlassView.h; sourceTree = "<group>"; };
		4DFF82A8125D2F78002F8882 /* GlassView.m */ = {isa = PBXFileReference; fileEncoding = 4; lastKnownFileType = sourcecode.c.objc; path = GlassView.m; sourceTree = "<group>"; };
		4DFF82D8125D3414002F8882 /* buddha.ctm */ = {isa = PBXFileReference; lastKnownFileType = file; name = buddha.ctm; path = ../buddha.ctm; sourceTree = SOURCE_ROOT; };
		8D1107310486CEB800E47090 /* Glass-Info.plist */ = {isa = PBXFileReference; fileEncoding = 4; lastKnownFileType = text.plist.xml; path = "Glass-Info.plist"; sourceTree = "<group>"; };
		8D1107320486CEB800E47090 /* Glass.app */ = {isa = PBXFileReference; explicitFileType = wrapper.application; includeInIndex = 0; path = Glass.app; sourceTree = BUILT_PRODUCTS_DIR; };
/* End PBXFileReference section */

/* Begin PBXFrameworksBuildPhase section */
		8D11072E0486CEB800E47090 /* Frameworks */ = {
			isa = PBXFrameworksBuildPhase;
			buildActionMask = 2147483647;
			files = (
				8D11072F0486CEB800E47090 /* Cocoa.framework in Frameworks */,
				4D2FEC6D125D2A52004DA7C7 /* OpenGL.framework in Frameworks */,
			);
			runOnlyForDeploymentPostprocessing = 0;
		};
/* End PBXFrameworksBuildPhase section */

/* Begin PBXGroup section */
		080E96DDFE201D6D7F000001 /* Classes */ = {
			isa = PBXGroup;
			children = (
				256AC3D80F4B6AC300CF3369 /* GlassAppDelegate.h */,
				256AC3D90F4B6AC300CF3369 /* GlassAppDelegate.m */,
				4DFF82A7125D2F78002F8882 /* GlassView.h */,
				4DFF82A8125D2F78002F8882 /* GlassView.m */,
			);
			name = Classes;
			sourceTree = "<group>";
		};
		1058C7A0FEA54F0111CA2CBB /* Linked Frameworks */ = {
			isa = PBXGroup;
			children = (
				1058C7A1FEA54F0111CA2CBB /* Cocoa.framework */,
				4D2FEC6C125D2A52004DA7C7 /* OpenGL.framework */,
			);
			name = "Linked Frameworks";
			sourceTree = "<group>";
		};
		1058C7A2FEA54F0111CA2CBB /* Other Frameworks */ = {
			isa = PBXGroup;
			children = (
				29B97324FDCFA39411CA2CEA /* AppKit.framework */,
				13E42FB307B3F0F600E4EEF1 /* CoreData.framework */,
				29B97325FDCFA39411CA2CEA /* Foundation.framework */,
			);
			name = "Other Frameworks";
			sourceTree = "<group>";
		};
		19C28FACFE9D520D11CA2CBB /* Products */ = {
			isa = PBXGroup;
			children = (
				8D1107320486CEB800E47090 /* Glass.app */,
			);
			name = Products;
			sourceTree = "<group>";
		};
		29B97314FDCFA39411CA2CEA /* Glass */ = {
			isa = PBXGroup;
			children = (
				4D2FECAC125D2C3B004DA7C7 /* Libraries */,
				080E96DDFE201D6D7F000001 /* Classes */,
				29B97315FDCFA39411CA2CEA /* Other Sources */,
				29B97317FDCFA39411CA2CEA /* Resources */,
				29B97323FDCFA39411CA2CEA /* Frameworks */,
				19C28FACFE9D520D11CA2CBB /* Products */,
			);
			name = Glass;
			sourceTree = "<group>";
		};
		29B97315FDCFA39411CA2CEA /* Other Sources */ = {
			isa = PBXGroup;
			children = (
				4D311B3C125D63D100148A83 /* Platform.h */,
				4D2FEC74125D2AC6004DA7C7 /* Glass.c */,
				4D2FEC75125D2AC6004DA7C7 /* Glass.glsl */,
				4D2FEC76125D2AC6004DA7C7 /* Utility.c */,
				4D2FEC77125D2AC6004DA7C7 /* Utility.h */,
				256AC3F00F4B6AF500CF3369 /* Glass_Prefix.pch */,
				29B97316FDCFA39411CA2CEA /* main.m */,
			);
			name = "Other Sources";
			sourceTree = "<group>";
		};
		29B97317FDCFA39411CA2CEA /* Resources */ = {
			isa = PBXGroup;
			children = (
				4DFF82D8125D3414002F8882 /* buddha.ctm */,
				8D1107310486CEB800E47090 /* Glass-Info.plist */,
				089C165CFE840E0CC02AAC07 /* InfoPlist.strings */,
				1DDD58140DA1D0A300B32029 /* MainMenu.xib */,
			);
			name = Resources;
			sourceTree = "<group>";
		};
		29B97323FDCFA39411CA2CEA /* Frameworks */ = {
			isa = PBXGroup;
			children = (
				1058C7A0FEA54F0111CA2CBB /* Linked Frameworks */,
				1058C7A2FEA54F0111CA2CBB /* Other Frameworks */,
			);
			name = Frameworks;
			sourceTree = "<group>";
		};
		4D2FECAC125D2C3B004DA7C7 /* Libraries */ = {
			isa = PBXGroup;
			children = (
				4D2FECB7125D2CFF004DA7C7 /* glsw */,
				4D2FECBC125D2CFF004DA7C7 /* liblzma */,
				4D2FECCB125D2CFF004DA7C7 /* openctm */,
				4D2FECAF125D2CC6004DA7C7 /* glew */,
			);
			name = Libraries;
			sourceTree = "<group>";
		};
		4D2FECAF125D2CC6004DA7C7 /* glew */ = {
			isa = PBXGroup;
			children = (
				4D2FECB0125D2CC6004DA7C7 /* glew.c */,
				4D2FECB1125D2CC6004DA7C7 /* glew.h */,
				4D2FECB2125D2CC6004DA7C7 /* glxew.h */,
			);
			name = glew;
			path = ../lib/glew;
			sourceTree = SOURCE_ROOT;
		};
		4D2FECB7125D2CFF004DA7C7 /* glsw */ = {
			isa = PBXGroup;
			children = (
				4D2FECB8125D2CFF004DA7C7 /* bstrlib.c */,
				4D2FECB9125D2CFF004DA7C7 /* bstrlib.h */,
				4D2FECBA125D2CFF004DA7C7 /* glsw.c */,
				4D2FECBB125D2CFF004DA7C7 /* glsw.h */,
			);
			name = glsw;
			path = ../lib/glsw;
			sourceTree = SOURCE_ROOT;
		};
		4D2FECBC125D2CFF004DA7C7 /* liblzma */ = {
			isa = PBXGroup;
			children = (
				4D2FECBD125D2CFF004DA7C7 /* Alloc.c */,
				4D2FECBE125D2CFF004DA7C7 /* Alloc.h */,
				4D2FECBF125D2CFF004DA7C7 /* LzFind.c */,
				4D2FECC0125D2CFF004DA7C7 /* LzFind.h */,
				4D2FECC1125D2CFF004DA7C7 /* LzHash.h */,
				4D2FECC2125D2CFF004DA7C7 /* LzmaDec.c */,
				4D2FECC3125D2CFF004DA7C7 /* LzmaDec.h */,
				4D2FECC4125D2CFF004DA7C7 /* LzmaEnc.c */,
				4D2FECC5125D2CFF004DA7C7 /* LzmaEnc.h */,
				4D2FECC6125D2CFF004DA7C7 /* LzmaLib.c */,
				4D2FECC7125D2CFF004DA7C7 /* LzmaLib.h */,
				4D2FECC8125D2CFF004DA7C7 /* NameMangle.h */,
				4D2FECCA125D2CFF004DA7C7 /* Types.h */,
			);
			name = liblzma;
			path = ../lib/liblzma;
			sourceTree = SOURCE_ROOT;
		};
		4D2FECCB125D2CFF004DA7C7 /* openctm */ = {
			isa = PBXGroup;
			children = (
				4D2FECCC125D2CFF004DA7C7 /* compressMG1.c */,
				4D2FECCD125D2CFF004DA7C7 /* compressMG2.c */,
				4D2FECCE125D2CFF004DA7C7 /* compressRAW.c */,
				4D2FECCF125D2CFF004DA7C7 /* internal.h */,
				4D2FECD1125D2CFF004DA7C7 /* openctm.c */,
				4D2FECD2125D2CFF004DA7C7 /* openctm.h */,
				4D2FECD3125D2CFF004DA7C7 /* openctmpp.h */,
				4D2FECD5125D2CFF004DA7C7 /* stream.c */,
			);
			name = openctm;
			path = ../lib/openctm;
			sourceTree = SOURCE_ROOT;
		};
/* End PBXGroup section */

/* Begin PBXNativeTarget section */
		8D1107260486CEB800E47090 /* Glass */ = {
			isa = PBXNativeTarget;
			buildConfigurationList = C01FCF4A08A954540054247B /* Build configuration list for PBXNativeTarget "Glass" */;
			buildPhases = (
				8D1107290486CEB800E47090 /* Resources */,
				8D11072C0486CEB800E47090 /* Sources */,
				8D11072E0486CEB800E47090 /* Frameworks */,
			);
			buildRules = (
			);
			dependencies = (
			);
			name = Glass;
			productInstallPath = "$(HOME)/Applications";
			productName = Glass;
			productReference = 8D1107320486CEB800E47090 /* Glass.app */;
			productType = "com.apple.product-type.application";
		};
/* End PBXNativeTarget section */

/* Begin PBXProject section */
		29B97313FDCFA39411CA2CEA /* Project object */ = {
			isa = PBXProject;
			buildConfigurationList = C01FCF4E08A954540054247B /* Build configuration list for PBXProject "Glass" */;
			compatibilityVersion = "Xcode 3.1";
			developmentRegion = English;
			hasScannedForEncodings = 1;
			knownRegions = (
				English,
				Japanese,
				French,
				German,
			);
			mainGroup = 29B97314FDCFA39411CA2CEA /* Glass */;
			projectDirPath = "";
			projectRoot = "";
			targets = (
				8D1107260486CEB800E47090 /* Glass */,
			);
		};
/* End PBXProject section */

/* Begin PBXResourcesBuildPhase section */
		8D1107290486CEB800E47090 /* Resources */ = {
			isa = PBXResourcesBuildPhase;
			buildActionMask = 2147483647;
			files = (
				8D11072B0486CEB800E47090 /* InfoPlist.strings in Resources */,
				1DDD58160DA1D0A300B32029 /* MainMenu.xib in Resources */,
				4D2FEC79125D2AC6004DA7C7 /* Glass.glsl in Resources */,
				4DFF82D9125D3414002F8882 /* buddha.ctm in Resources */,
			);
			runOnlyForDeploymentPostprocessing = 0;
		};
/* End PBXResourcesBuildPhase section */

/* Begin PBXSourcesBuildPhase section */
		8D11072C0486CEB800E47090 /* Sources */ = {
			isa = PBXSourcesBuildPhase;
			buildActionMask = 2147483647;
			files = (
				8D11072D0486CEB800E47090 /* main.m in Sources */,
				256AC3DA0F4B6AC300CF3369 /* GlassAppDelegate.m in Sources */,
				4D2FEC78125D2AC6004DA7C7 /* Glass.c in Sources */,
				4D2FEC7A125D2AC6004DA7C7 /* Utility.c in Sources */,
				4D2FECB4125D2CC6004DA7C7 /* glew.c in Sources */,
				4D2FECD6125D2CFF004DA7C7 /* bstrlib.c in Sources */,
				4D2FECD7125D2CFF004DA7C7 /* glsw.c in Sources */,
				4D2FECD8125D2CFF004DA7C7 /* Alloc.c in Sources */,
				4D2FECD9125D2CFF004DA7C7 /* LzFind.c in Sources */,
				4D2FECDA125D2CFF004DA7C7 /* LzmaDec.c in Sources */,
				4D2FECDB125D2CFF004DA7C7 /* LzmaEnc.c in Sources */,
				4D2FECDC125D2CFF004DA7C7 /* LzmaLib.c in Sources */,
				4D2FECDE125D2CFF004DA7C7 /* compressMG1.c in Sources */,
				4D2FECDF125D2CFF004DA7C7 /* compressMG2.c in Sources */,
				4D2FECE0125D2CFF004DA7C7 /* compressRAW.c in Sources */,
				4D2FECE2125D2CFF004DA7C7 /* openctm.c in Sources */,
				4D2FECE4125D2CFF004DA7C7 /* stream.c in Sources */,
				4DFF82A9125D2F78002F8882 /* GlassView.m in Sources */,
			);
			runOnlyForDeploymentPostprocessing = 0;
		};
/* End PBXSourcesBuildPhase section */

/* Begin PBXVariantGroup section */
		089C165CFE840E0CC02AAC07 /* InfoPlist.strings */ = {
			isa = PBXVariantGroup;
			children = (
				089C165DFE840E0CC02AAC07 /* English */,
			);
			name = InfoPlist.strings;
			sourceTree = "<group>";
		};
		1DDD58140DA1D0A300B32029 /* MainMenu.xib */ = {
			isa = PBXVariantGroup;
			children = (
				1DDD58150DA1D0A300B32029 /* English */,
			);
			name = MainMenu.xib;
			sourceTree = "<group>";
		};
/* End PBXVariantGroup section */

/* Begin XCBuildConfiguration section */
		C01FCF4B08A954540054247B /* Debug */ = {
			isa = XCBuildConfiguration;
			buildSettings = {
				ALWAYS_SEARCH_USER_PATHS = NO;
				COPY_PHASE_STRIP = NO;
				GCC_DYNAMIC_NO_PIC = NO;
				GCC_ENABLE_FIX_AND_CONTINUE = YES;
				GCC_MODEL_TUNING = G5;
				GCC_OPTIMIZATION_LEVEL = 0;
				GCC_PRECOMPILE_PREFIX_HEADER = YES;
				GCC_PREFIX_HEADER = Glass_Prefix.pch;
				INFOPLIST_FILE = "Glass-Info.plist";
				INSTALL_PATH = "$(HOME)/Applications";
				PRODUCT_NAME = Glass;
			};
			name = Debug;
		};
		C01FCF4C08A954540054247B /* Release */ = {
			isa = XCBuildConfiguration;
			buildSettings = {
				ALWAYS_SEARCH_USER_PATHS = NO;
				DEBUG_INFORMATION_FORMAT = "dwarf-with-dsym";
				GCC_MODEL_TUNING = G5;
				GCC_PRECOMPILE_PREFIX_HEADER = YES;
				GCC_PREFIX_HEADER = Glass_Prefix.pch;
				INFOPLIST_FILE = "Glass-Info.plist";
				INSTALL_PATH = "$(HOME)/Applications";
				PRODUCT_NAME = Glass;
			};
			name = Release;
		};
		C01FCF4F08A954540054247B /* Debug */ = {
			isa = XCBuildConfiguration;
			buildSettings = {
				ARCHS = "$(ARCHS_STANDARD_32_64_BIT)";
				GCC_C_LANGUAGE_STANDARD = gnu99;
				GCC_OPTIMIZATION_LEVEL = 0;
				GCC_PREPROCESSOR_DEFINITIONS = (
					OPENCTM_STATIC,
					GLEW_STATIC,
				);
				GCC_WARN_ABOUT_RETURN_TYPE = YES;
				GCC_WARN_UNUSED_VARIABLE = YES;
				HEADER_SEARCH_PATHS = "../lib/**";
				ONLY_ACTIVE_ARCH = YES;
				PREBINDING = NO;
				SDKROOT = macosx10.6;
			};
			name = Debug;
		};
		C01FCF5008A954540054247B /* Release */ = {
			isa = XCBuildConfiguration;
			buildSettings = {
				ARCHS = "$(ARCHS_STANDARD_32_64_BIT)";
				GCC_C_LANGUAGE_STANDARD = gnu99;
				GCC_PREPROCESSOR_DEFINITIONS = (
					OPENCTM_STATIC,
					GLEW_STATIC,
				);
				GCC_WARN_ABOUT_RETURN_TYPE = YES;
				GCC_WARN_UNUSED_VARIABLE = YES;
				HEADER_SEARCH_PATHS = "../lib/**";
				PREBINDING = NO;
				SDKROOT = macosx10.6;
			};
			name = Release;
		};
/* End XCBuildConfiguration section */

/* Begin XCConfigurationList section */
		C01FCF4A08A954540054247B /* Build configuration list for PBXNativeTarget "Glass" */ = {
			isa = XCConfigurationList;
			buildConfigurations = (
				C01FCF4B08A954540054247B /* Debug */,
				C01FCF4C08A954540054247B /* Release */,
			);
			defaultConfigurationIsVisible = 0;
			defaultConfigurationName = Release;
		};
		C01FCF4E08A954540054247B /* Build configuration list for PBXProject "Glass" */ = {
			isa = XCConfigurationList;
			buildConfigurations = (
				C01FCF4F08A954540054247B /* Debug */,
				C01FCF5008A954540054247B /* Release */,
			);
			defaultConfigurationIsVisible = 0;
			defaultConfigurationName = Release;
		};
/* End XCConfigurationList section */
	};
	rootObject = 29B97313FDCFA39411CA2CEA /* Project object */;
}
